
Microsoft Visual Studio Solution File, Format Version 12.00
# Visual Studio Version 16
VisualStudioVersion = 25.0.1703.8
MinimumVisualStudioVersion = 10.0.40219.1
Project("{FAE04EC0-301F-11D3-BF4B-00C04F79EFBC}") = "DatesAndTimes", "DatesAndTimes\DatesAndTimes.csproj", "{CCD1C9CA-1F50-493A-AC3A-2F609194D358}"
EndProject
Global
	GlobalSection(SolutionConfigurationPlatforms) = preSolution
		Debug|Any CPU = Debug|Any CPU
		Release|Any CPU = Release|Any CPU
	EndGlobalSection
	GlobalSection(ProjectConfigurationPlatforms) = postSolution
		{CCD1C9CA-1F50-493A-AC3A-2F609194D358}.Debug|Any CPU.ActiveCfg = Debug|Any CPU
		{CCD1C9CA-1F50-493A-AC3A-2F609194D358}.Debug|Any CPU.Build.0 = Debug|Any CPU
		{CCD1C9CA-1F50-493A-AC3A-2F609194D358}.Release|Any CPU.ActiveCfg = Release|Any CPU
		{CCD1C9CA-1F50-493A-AC3A-2F609194D358}.Release|Any CPU.Build.0 = Release|Any CPU
	EndGlobalSection
	GlobalSection(SolutionProperties) = preSolution
		HideSolutionNode = FALSE
	EndGlobalSection
	GlobalSection(ExtensibilityGlobals) = postSolution
		SolutionGuid = {28F0BB71-6716-47A0-AB54-43C116B9553F}
	EndGlobalSection
EndGlobal
