
Microsoft Visual Studio Solution File, Format Version 12.00
# Visual Studio Version 16
VisualStudioVersion = 25.0.1703.8
MinimumVisualStudioVersion = 10.0.40219.1
Project("{FAE04EC0-301F-11D3-BF4B-00C04F79EFBC}") = "SimpleMethod", "SimpleMethod\SimpleMethod.csproj", "{473C9135-8B57-4E16-8B4D-BC420E3D4E9A}"
EndProject
Global
	GlobalSection(SolutionConfigurationPlatforms) = preSolution
		Debug|Any CPU = Debug|Any CPU
		Release|Any CPU = Release|Any CPU
	EndGlobalSection
	GlobalSection(ProjectConfigurationPlatforms) = postSolution
		{473C9135-8B57-4E16-8B4D-BC420E3D4E9A}.Debug|Any CPU.ActiveCfg = Debug|Any CPU
		{473C9135-8B57-4E16-8B4D-BC420E3D4E9A}.Debug|Any CPU.Build.0 = Debug|Any CPU
		{473C9135-8B57-4E16-8B4D-BC420E3D4E9A}.Release|Any CPU.ActiveCfg = Release|Any CPU
		{473C9135-8B57-4E16-8B4D-BC420E3D4E9A}.Release|Any CPU.Build.0 = Release|Any CPU
	EndGlobalSection
	GlobalSection(SolutionProperties) = preSolution
		HideSolutionNode = FALSE
	EndGlobalSection
	GlobalSection(ExtensibilityGlobals) = postSolution
		SolutionGuid = {5838D08B-9690-4575-B9DD-F30862D28534}
	EndGlobalSection
EndGlobal
