
Microsoft Visual Studio Solution File, Format Version 12.00
# Visual Studio Version 16
VisualStudioVersion = 25.0.1703.8
MinimumVisualStudioVersion = 10.0.40219.1
Project("{FAE04EC0-301F-11D3-BF4B-00C04F79EFBC}") = "ForIteration", "ForIteration\ForIteration.csproj", "{A61449EE-0088-4429-8A20-964D48BDA034}"
EndProject
Global
	GlobalSection(SolutionConfigurationPlatforms) = preSolution
		Debug|Any CPU = Debug|Any CPU
		Release|Any CPU = Release|Any CPU
	EndGlobalSection
	GlobalSection(ProjectConfigurationPlatforms) = postSolution
		{A61449EE-0088-4429-8A20-964D48BDA034}.Debug|Any CPU.ActiveCfg = Debug|Any CPU
		{A61449EE-0088-4429-8A20-964D48BDA034}.Debug|Any CPU.Build.0 = Debug|Any CPU
		{A61449EE-0088-4429-8A20-964D48BDA034}.Release|Any CPU.ActiveCfg = Release|Any CPU
		{A61449EE-0088-4429-8A20-964D48BDA034}.Release|Any CPU.Build.0 = Release|Any CPU
	EndGlobalSection
	GlobalSection(SolutionProperties) = preSolution
		HideSolutionNode = FALSE
	EndGlobalSection
	GlobalSection(ExtensibilityGlobals) = postSolution
		SolutionGuid = {98472D84-CB9E-4046-8E1C-D876C6C182CD}
	EndGlobalSection
EndGlobal
