
Microsoft Visual Studio Solution File, Format Version 12.00
# Visual Studio Version 16
VisualStudioVersion = 25.0.1703.8
MinimumVisualStudioVersion = 10.0.40219.1
Project("{FAE04EC0-301F-11D3-BF4B-00C04F79EFBC}") = "SimpleClasses", "SimpleClasses\SimpleClasses.csproj", "{A3732A6F-1A2D-4946-BE28-AD02762D062D}"
EndProject
Global
	GlobalSection(SolutionConfigurationPlatforms) = preSolution
		Debug|Any CPU = Debug|Any CPU
		Release|Any CPU = Release|Any CPU
	EndGlobalSection
	GlobalSection(ProjectConfigurationPlatforms) = postSolution
		{A3732A6F-1A2D-4946-BE28-AD02762D062D}.Debug|Any CPU.ActiveCfg = Debug|Any CPU
		{A3732A6F-1A2D-4946-BE28-AD02762D062D}.Debug|Any CPU.Build.0 = Debug|Any CPU
		{A3732A6F-1A2D-4946-BE28-AD02762D062D}.Release|Any CPU.ActiveCfg = Release|Any CPU
		{A3732A6F-1A2D-4946-BE28-AD02762D062D}.Release|Any CPU.Build.0 = Release|Any CPU
	EndGlobalSection
	GlobalSection(SolutionProperties) = preSolution
		HideSolutionNode = FALSE
	EndGlobalSection
	GlobalSection(ExtensibilityGlobals) = postSolution
		SolutionGuid = {DE8B7BB6-C3FB-481B-A03D-3449E3D26237}
	EndGlobalSection
EndGlobal
