
Microsoft Visual Studio Solution File, Format Version 12.00
# Visual Studio Version 16
VisualStudioVersion = 25.0.1703.8
MinimumVisualStudioVersion = 10.0.40219.1
Project("{FAE04EC0-301F-11D3-BF4B-00C04F79EFBC}") = "WorkingWithStrings", "WorkingWithStrings\WorkingWithStrings.csproj", "{EA234F27-1B08-4403-A899-B242EF5AF52C}"
EndProject
Global
	GlobalSection(SolutionConfigurationPlatforms) = preSolution
		Debug|Any CPU = Debug|Any CPU
		Release|Any CPU = Release|Any CPU
	EndGlobalSection
	GlobalSection(ProjectConfigurationPlatforms) = postSolution
		{EA234F27-1B08-4403-A899-B242EF5AF52C}.Debug|Any CPU.ActiveCfg = Debug|Any CPU
		{EA234F27-1B08-4403-A899-B242EF5AF52C}.Debug|Any CPU.Build.0 = Debug|Any CPU
		{EA234F27-1B08-4403-A899-B242EF5AF52C}.Release|Any CPU.ActiveCfg = Release|Any CPU
		{EA234F27-1B08-4403-A899-B242EF5AF52C}.Release|Any CPU.Build.0 = Release|Any CPU
	EndGlobalSection
	GlobalSection(SolutionProperties) = preSolution
		HideSolutionNode = FALSE
	EndGlobalSection
	GlobalSection(ExtensibilityGlobals) = postSolution
		SolutionGuid = {94535E2D-2852-4534-98FF-94D0DDFF0CC2}
	EndGlobalSection
EndGlobal
