
Microsoft Visual Studio Solution File, Format Version 12.00
# Visual Studio Version 16
VisualStudioVersion = 25.0.1703.8
MinimumVisualStudioVersion = 10.0.40219.1
Project("{FAE04EC0-301F-11D3-BF4B-00C04F79EFBC}") = "WhileIteration", "WhileIteration\WhileIteration.csproj", "{1892F546-68B5-4EE2-A1BE-F8EEE3055D59}"
EndProject
Global
	GlobalSection(SolutionConfigurationPlatforms) = preSolution
		Debug|Any CPU = Debug|Any CPU
		Release|Any CPU = Release|Any CPU
	EndGlobalSection
	GlobalSection(ProjectConfigurationPlatforms) = postSolution
		{1892F546-68B5-4EE2-A1BE-F8EEE3055D59}.Debug|Any CPU.ActiveCfg = Debug|Any CPU
		{1892F546-68B5-4EE2-A1BE-F8EEE3055D59}.Debug|Any CPU.Build.0 = Debug|Any CPU
		{1892F546-68B5-4EE2-A1BE-F8EEE3055D59}.Release|Any CPU.ActiveCfg = Release|Any CPU
		{1892F546-68B5-4EE2-A1BE-F8EEE3055D59}.Release|Any CPU.Build.0 = Release|Any CPU
	EndGlobalSection
	GlobalSection(SolutionProperties) = preSolution
		HideSolutionNode = FALSE
	EndGlobalSection
	GlobalSection(ExtensibilityGlobals) = postSolution
		SolutionGuid = {931791EC-B273-49B6-86F4-EE0255E66109}
	EndGlobalSection
EndGlobal
